
Microsoft Visual Studio Solution File, Format Version 12.00
# Visual Studio Version 17
VisualStudioVersion = 17.0.32002.185
MinimumVisualStudioVersion = 10.0.40219.1
Project("{FAE04EC0-301F-11D3-BF4B-00C04F79EFBC}") = "ConsoleApp11d", "ConsoleApp11d\ConsoleApp11d.csproj", "{8740D4C2-A688-4F9C-96D0-BDFF5E439634}"
EndProject
Global
	GlobalSection(SolutionConfigurationPlatforms) = preSolution
		Debug|Any CPU = Debug|Any CPU
		Release|Any CPU = Release|Any CPU
	EndGlobalSection
	GlobalSection(ProjectConfigurationPlatforms) = postSolution
		{8740D4C2-A688-4F9C-96D0-BDFF5E439634}.Debug|Any CPU.ActiveCfg = Debug|Any CPU
		{8740D4C2-A688-4F9C-96D0-BDFF5E439634}.Debug|Any CPU.Build.0 = Debug|Any CPU
		{8740D4C2-A688-4F9C-96D0-BDFF5E439634}.Release|Any CPU.ActiveCfg = Release|Any CPU
		{8740D4C2-A688-4F9C-96D0-BDFF5E439634}.Release|Any CPU.Build.0 = Release|Any CPU
	EndGlobalSection
	GlobalSection(SolutionProperties) = preSolution
		HideSolutionNode = FALSE
	EndGlobalSection
	GlobalSection(ExtensibilityGlobals) = postSolution
		SolutionGuid = {9C3A64A1-8080-44C3-A702-A6840233E034}
	EndGlobalSection
EndGlobal
